
Microsoft Visual Studio Solution File, Format Version 12.00
# Visual Studio 2013
VisualStudioVersion = 12.0.30501.0
MinimumVisualStudioVersion = 10.0.40219.1
Project("{FAE04EC0-301F-11D3-BF4B-00C04F79EFBC}") = "TT.Viewer", "TT.Viewer\TT.Viewer.csproj", "{91CCD1DE-DF21-4AEA-B1CD-62274C5F7D90}"
EndProject
Project("{FAE04EC0-301F-11D3-BF4B-00C04F79EFBC}") = "TT.Scouter", "TT.Scouter\TT.Scouter.csproj", "{399ADDF9-0FDD-47A3-9621-3F34A99E90BB}"
EndProject
Project("{FAE04EC0-301F-11D3-BF4B-00C04F79EFBC}") = "TT.Lib", "TT.Lib\TT.Lib.csproj", "{F24A8ECC-C00E-4AF4-AF20-5292744810A9}"
EndProject
Global
	GlobalSection(SolutionConfigurationPlatforms) = preSolution
		Debug|Any CPU = Debug|Any CPU
		Release|Any CPU = Release|Any CPU
	EndGlobalSection
	GlobalSection(ProjectConfigurationPlatforms) = postSolution
		{91CCD1DE-DF21-4AEA-B1CD-62274C5F7D90}.Debug|Any CPU.ActiveCfg = Debug|Any CPU
		{91CCD1DE-DF21-4AEA-B1CD-62274C5F7D90}.Debug|Any CPU.Build.0 = Debug|Any CPU
		{91CCD1DE-DF21-4AEA-B1CD-62274C5F7D90}.Release|Any CPU.ActiveCfg = Release|Any CPU
		{91CCD1DE-DF21-4AEA-B1CD-62274C5F7D90}.Release|Any CPU.Build.0 = Release|Any CPU
		{399ADDF9-0FDD-47A3-9621-3F34A99E90BB}.Debug|Any CPU.ActiveCfg = Debug|Any CPU
		{399ADDF9-0FDD-47A3-9621-3F34A99E90BB}.Debug|Any CPU.Build.0 = Debug|Any CPU
		{399ADDF9-0FDD-47A3-9621-3F34A99E90BB}.Release|Any CPU.ActiveCfg = Release|Any CPU
		{399ADDF9-0FDD-47A3-9621-3F34A99E90BB}.Release|Any CPU.Build.0 = Release|Any CPU
		{F24A8ECC-C00E-4AF4-AF20-5292744810A9}.Debug|Any CPU.ActiveCfg = Debug|Any CPU
		{F24A8ECC-C00E-4AF4-AF20-5292744810A9}.Debug|Any CPU.Build.0 = Debug|Any CPU
		{F24A8ECC-C00E-4AF4-AF20-5292744810A9}.Release|Any CPU.ActiveCfg = Release|Any CPU
		{F24A8ECC-C00E-4AF4-AF20-5292744810A9}.Release|Any CPU.Build.0 = Release|Any CPU
	EndGlobalSection
	GlobalSection(SolutionProperties) = preSolution
		HideSolutionNode = FALSE
	EndGlobalSection
EndGlobal
